
Microsoft Visual Studio Solution File, Format Version 12.00
# Visual Studio Version 17
VisualStudioVersion = 17.13.35931.197
MinimumVisualStudioVersion = 10.0.40219.1
Project("{FAE04EC0-301F-11D3-BF4B-00C04F79EFBC}") = "prct", "prct\prct.csproj", "{93537495-854C-4E9B-9C33-F3FE7B506C08}"
EndProject
Project("{FAE04EC0-301F-11D3-BF4B-00C04F79EFBC}") = "prct.Tests", "prct.Tests\prct.Tests.csproj", "{D863EE9F-0C03-47FE-969A-FFDB7D2A7101}"
EndProject
Project("{FAE04EC0-301F-11D3-BF4B-00C04F79EFBC}") = "prct.Features", "prct.Features\prct.Features.csproj", "{E49B1D67-AA5A-4953-8F82-158F205E18DE}"
EndProject
Global
	GlobalSection(SolutionConfigurationPlatforms) = preSolution
		Debug|Any CPU = Debug|Any CPU
		Release|Any CPU = Release|Any CPU
	EndGlobalSection
	GlobalSection(ProjectConfigurationPlatforms) = postSolution
		{93537495-854C-4E9B-9C33-F3FE7B506C08}.Debug|Any CPU.ActiveCfg = Debug|Any CPU
		{93537495-854C-4E9B-9C33-F3FE7B506C08}.Debug|Any CPU.Build.0 = Debug|Any CPU
		{93537495-854C-4E9B-9C33-F3FE7B506C08}.Release|Any CPU.ActiveCfg = Release|Any CPU
		{93537495-854C-4E9B-9C33-F3FE7B506C08}.Release|Any CPU.Build.0 = Release|Any CPU
		{D863EE9F-0C03-47FE-969A-FFDB7D2A7101}.Debug|Any CPU.ActiveCfg = Debug|Any CPU
		{D863EE9F-0C03-47FE-969A-FFDB7D2A7101}.Debug|Any CPU.Build.0 = Debug|Any CPU
		{D863EE9F-0C03-47FE-969A-FFDB7D2A7101}.Release|Any CPU.ActiveCfg = Release|Any CPU
		{D863EE9F-0C03-47FE-969A-FFDB7D2A7101}.Release|Any CPU.Build.0 = Release|Any CPU
		{E49B1D67-AA5A-4953-8F82-158F205E18DE}.Debug|Any CPU.ActiveCfg = Debug|Any CPU
		{E49B1D67-AA5A-4953-8F82-158F205E18DE}.Debug|Any CPU.Build.0 = Debug|Any CPU
		{E49B1D67-AA5A-4953-8F82-158F205E18DE}.Release|Any CPU.ActiveCfg = Release|Any CPU
		{E49B1D67-AA5A-4953-8F82-158F205E18DE}.Release|Any CPU.Build.0 = Release|Any CPU
	EndGlobalSection
	GlobalSection(SolutionProperties) = preSolution
		HideSolutionNode = FALSE
	EndGlobalSection
	GlobalSection(ExtensibilityGlobals) = postSolution
		SolutionGuid = {006E536B-A432-4970-AFB3-6E0BE597849E}
	EndGlobalSection
EndGlobal
